# This file is autogenerated, do not edit; changes may be undone by the next 'dep ensure'.


[[projects]]
  digest = "1:5c3894b2aa4d6bead0ceeea6831b305d62879c871780e7b76296ded1b004bc57"
  name = "cloud.google.com/go"
  packages = ["compute/metadata"]
  pruneopts = "NUT"
  revision = "dfffe386c33fb24c34ee501e5723df5b97b98514"
  version = "v0.30.0"

[[projects]]
  branch = "master"
  digest = "1:81f8c061c3d18ed1710957910542bc17d2b789c6cd19e0f654c30b35fd255ca5"
  name = "github.com/Azure/go-ansiterm"
  packages = [
    ".",
    "winterm",
  ]
  pruneopts = "NUT"
  revision = "d6e3b3328b783f23731bc4d058875b0371ff8109"

[[projects]]
  digest = "1:3aff45e2d22fc5851ec596b06612ac7319b78904880ec9311dfa67b173515906"
  name = "github.com/Azure/go-autorest"
  packages = [
    "autorest",
    "autorest/adal",
    "autorest/azure",
    "autorest/date",
    "version",
  ]
  pruneopts = "NUT"
  revision = "bca49d5b51a50dc5bb17bbf6204c711c6dbded06"
  version = "v10.14.0"

[[projects]]
  digest = "1:79783ea658e83efedef1da04cd98ec1440ad191a4835cfb868de0ed37144f16d"
  name = "github.com/MakeNowJust/heredoc"
  packages = ["."]
  pruneopts = "NUT"
  revision = "bb23615498cded5e105af4ce27de75b089cbe851"

[[projects]]
  digest = "1:d8ebbd207f3d3266d4423ce4860c9f3794956306ded6c7ba312ecc69cdfbf04c"
  name = "github.com/PuerkitoBio/purell"
  packages = ["."]
  pruneopts = "NUT"
  revision = "0bcb03f4b4d0a9428594752bd2a3b9aa0a9d4bd4"
  version = "v1.1.0"

[[projects]]
  branch = "master"
  digest = "1:8098cd40cd09879efbf12e33bcd51ead4a66006ac802cd563a66c4f3373b9727"
  name = "github.com/PuerkitoBio/urlesc"
  packages = ["."]
  pruneopts = "NUT"
  revision = "de5bf2ad457846296e2031421a34e2568e304e35"

[[projects]]
  branch = "master"
  digest = "1:95e08278c876d185ba67533f045e9e63b3c9d02cbd60beb0f4dbaa2344a13ac2"
  name = "github.com/chai2010/gettext-go"
  packages = [
    "gettext",
    "gettext/mo",
    "gettext/plural",
    "gettext/po",
  ]
  pruneopts = "NUT"
  revision = "bf70f2a70fb1b1f36d90d671a72795984eab0fcb"

[[projects]]
  digest = "1:6b21090f60571b20b3ddc2c8e48547dffcf409498ed6002c2cada023725ed377"
  name = "github.com/davecgh/go-spew"
  packages = ["spew"]
  pruneopts = "NUT"
  revision = "782f4967f2dc4564575ca782fe2d04090b5faca8"

[[projects]]
  digest = "1:69e8a5dbc7fa7322c1b5cf8ae37fe70868beea702423c496e3297232f5260a4b"
  name = "github.com/daviddengcn/go-colortext"
  packages = ["."]
  pruneopts = "NUT"
  revision = "511bcaf42ccd42c38aba7427b6673277bf19e2a1"

[[projects]]
  digest = "1:7a6852b35eb5bbc184561443762d225116ae630c26a7c4d90546619f1e7d2ad2"
  name = "github.com/dgrijalva/jwt-go"
  packages = ["."]
  pruneopts = "NUT"
  revision = "06ea1031745cb8b3dab3f6a236daf2b0aa468b7e"
  version = "v3.2.0"

[[projects]]
  digest = "1:4189ee6a3844f555124d9d2656fe7af02fca961c2a9bad9074789df13a0c62e0"
  name = "github.com/docker/distribution"
  packages = [
    "digestset",
    "reference",
  ]
  pruneopts = "NUT"
  revision = "edc3ab29cdff8694dd6feb85cfeb4b5f1b38ed9c"

[[projects]]
  digest = "1:64bdbab1c5d81d90fe93ae9e1166431dad7aaff5d31109023c97cc2fc8a096fa"
  name = "github.com/docker/docker"
  packages = [
    "api/types",
    "api/types/blkiodev",
    "api/types/container",
    "api/types/filters",
    "api/types/mount",
    "api/types/network",
    "api/types/registry",
    "api/types/strslice",
    "api/types/swarm",
    "api/types/swarm/runtime",
    "api/types/versions",
    "pkg/term",
    "pkg/term/windows",
  ]
  pruneopts = "NUT"
  revision = "a9fbbdc8dd8794b20af358382ab780559bca589d"

[[projects]]
  digest = "1:ade935c55cd6d0367c843b109b09c9d748b1982952031414740750fdf94747eb"
  name = "github.com/docker/go-connections"
  packages = ["nat"]
  pruneopts = "NUT"
  revision = "7beb39f0b969b075d1325fecb092faf27fd357b6"

[[projects]]
  digest = "1:9d8fe33c2e1aa01c76db67f285ffdb7dbdb5c5d90d9deb296526d67b9798ce7b"
  name = "github.com/docker/go-units"
  packages = ["."]
  pruneopts = "NUT"
  revision = "9e638d38cf6977a37a8ea0078f3ee75a7cdb2dd1"

[[projects]]
  digest = "1:c13ad16fea67e78314daa9b43787a2169444c84be30d0a995466b51fffa6f773"
  name = "github.com/docker/spdystream"
  packages = [
    ".",
    "spdy",
  ]
  pruneopts = "NUT"
  revision = "449fdfce4d962303d702fec724ef0ad181c92528"

[[projects]]
  digest = "1:60841fce0bb6435d13e4d1be0c36362276e55fc811d74cbdd90e7086f3bf08ce"
  name = "github.com/evanphx/json-patch"
  packages = ["."]
  pruneopts = "NUT"
  revision = "36442dbdb585210f8d5a1b45e67aa323c197d5c4"

[[projects]]
  branch = "master"
  digest = "1:857c01c483190325e4e4c967db37ace964b32cb3024f1d2d3890f2e56b5d7ce7"
  name = "github.com/exponent-io/jsonpath"
  packages = ["."]
  pruneopts = "NUT"
  revision = "d6023ce2651d8eafb5c75bb0c7167536102ec9f5"

[[projects]]
  digest = "1:fcd865894ce87bcf6499e5d2db3526679e3ab1ae454f48070ebaf983efd20665"
  name = "github.com/fatih/camelcase"
  packages = ["."]
  pruneopts = "NUT"
  revision = "f6a740d52f961c60348ebb109adde9f4635d7540"

[[projects]]
  digest = "1:abfe129dc92b16fbf0cc9d6336096a2823151756f62072a700eb10754141b38e"
  name = "github.com/ghodss/yaml"
  packages = ["."]
  pruneopts = "NUT"
  revision = "73d445a93680fa1a78ae23a5839bad48f32ba1ee"

[[projects]]
  digest = "1:260f7ebefc63024c8dfe2c9f1a2935a89fa4213637a1f522f592f80c001cc441"
  name = "github.com/go-openapi/jsonpointer"
  packages = ["."]
  pruneopts = "NUT"
  revision = "ef5f0afec364d3b9396b7b77b43dbe26bf1f8004"
  version = "v0.17.0"

[[projects]]
  digest = "1:98abd61947ff5c7c6fcfec5473d02a4821ed3a2dd99a4fbfdb7925b0dd745546"
  name = "github.com/go-openapi/jsonreference"
  packages = ["."]
  pruneopts = "NUT"
  revision = "8483a886a90412cd6858df4ea3483dce9c8e35a3"
  version = "v0.17.0"

[[projects]]
  digest = "1:5915a91a5943a55e0c1cf1df04f6c22c6a942cd2792efe38c844f97b89aa40d8"
  name = "github.com/go-openapi/spec"
  packages = ["."]
  pruneopts = "NUT"
  revision = "1de3e0542de65ad8d75452a595886fdd0befb363"

[[projects]]
  digest = "1:983f95b2fae6fe8fdd361738325ed6090f4f3bd15ce4db745e899fb5b0fdfc46"
  name = "github.com/go-openapi/swag"
  packages = ["."]
  pruneopts = "NUT"
  revision = "5899d5c5e619fda5fa86e14795a835f473ca284c"
  version = "v0.17.0"

[[projects]]
  digest = "1:93344b9d2c6f6c951d852e753e09c7d433a222e3c0ac952ff86f6e2527873b37"
  name = "github.com/gogo/protobuf"
  packages = [
    "proto",
    "sortkeys",
  ]
  pruneopts = "NUT"
  revision = "342cbe0a04158f6dcb03ca0079991a51a4248c02"
  version = "v0.5"

[[projects]]
  digest = "1:78b8040ece2ff622580def2708b9eb0b2857711b6744c475439bf337e9c677ea"
  name = "github.com/golang/glog"
  packages = ["."]
  pruneopts = "NUT"
  revision = "44145f04b68cf362d9c4df2182967c2275eaefed"

[[projects]]
  digest = "1:7672c206322f45b33fac1ae2cb899263533ce0adcc6481d207725560208ec84e"
  name = "github.com/golang/groupcache"
  packages = ["lru"]
  pruneopts = "NUT"
  revision = "02826c3e79038b59d737d3b1c0a1d937f71a4433"

[[projects]]
  digest = "1:03e14cff610a8a58b774e36bd337fa979482be86aab01be81fb8bbd6d0f07fc8"
  name = "github.com/golang/protobuf"
  packages = [
    "proto",
    "ptypes",
    "ptypes/any",
    "ptypes/duration",
    "ptypes/timestamp",
  ]
  pruneopts = "NUT"
  revision = "b4deda0973fb4c70b50d226b1af49f3da59f5265"
  version = "v1.1.0"

[[projects]]
  branch = "master"
  digest = "1:05f95ffdfcf651bdb0f05b40b69e7f5663047f8da75c72d58728acb59b5cc107"
  name = "github.com/google/btree"
  packages = ["."]
  pruneopts = "NUT"
  revision = "4030bb1f1f0c35b30ca7009e9ebd06849dd45306"

[[projects]]
  digest = "1:f9425215dccf1c63f659ec781ca46bc81804341821d0cd8d2459c5b58f8bd067"
  name = "github.com/google/gofuzz"
  packages = ["."]
  pruneopts = "NUT"
  revision = "44d81051d367757e1c7c6a5a86423ece9afcf63c"

[[projects]]
  digest = "1:27b4ab41ffdc76ad6db56db327a4db234a59588ef059fc3fd678ba0bc6b9094f"
  name = "github.com/googleapis/gnostic"
  packages = [
    "OpenAPIv2",
    "compiler",
    "extensions",
  ]
  pruneopts = "NUT"
  revision = "0c5108395e2debce0d731cf0287ddf7242066aba"

[[projects]]
  digest = "1:75be71a09a7ea900c4f2c9c9a939581c65e087271c4244fa0ebfec982f5a1528"
  name = "github.com/gophercloud/gophercloud"
  packages = [
    ".",
    "openstack",
    "openstack/identity/v2/tenants",
    "openstack/identity/v2/tokens",
    "openstack/identity/v3/tokens",
    "openstack/utils",
    "pagination",
  ]
  pruneopts = "NUT"
  revision = "781450b3c4fcb4f5182bcc5133adb4b2e4a09d1d"

[[projects]]
  digest = "1:b3fcc1e30ee909b7c81b8b4dc503f78169f51209b320c4c520b23c9c59b4ac75"
  name = "github.com/gregjones/httpcache"
  packages = [
    ".",
    "diskcache",
  ]
  pruneopts = "NUT"
  revision = "787624de3eb7bd915c329cba748687a3b22666a6"

[[projects]]
  digest = "1:475b179287e8afdcd352014b2c2500e67decdf63e66125e2129286873453e1cd"
  name = "github.com/hashicorp/golang-lru"
  packages = [
    ".",
    "simplelru",
  ]
  pruneopts = "NUT"
  revision = "a0d98a5f288019575c6d1f4bb1573fef2d1fcdc4"

[[projects]]
  digest = "1:65300ccc4bcb38b107b868155c303312978981e56bca707c81efec57575b5e06"
  name = "github.com/imdario/mergo"
  packages = ["."]
  pruneopts = "NUT"
  revision = "9316a62528ac99aaecb4e47eadd6dc8aa6533d58"
  version = "v0.3.5"

[[projects]]
  digest = "1:406338ad39ab2e37b7f4452906442a3dbf0eb3379dd1f06aafb5c07e769a5fbb"
  name = "github.com/inconshreveable/mousetrap"
  packages = ["."]
  pruneopts = "NUT"
  revision = "76626ae9c91c4f2a10f34cad8ce83ea42c93bb75"
  version = "v1.0"

[[projects]]
  digest = "1:273d270076cfc02c2d481b187203ebb3891825f46fe78b925141a22631c52503"
  name = "github.com/jonboulle/clockwork"
  packages = ["."]
  pruneopts = "NUT"
  revision = "72f9bd7c4e0c2a40055ab3d0f09654f730cce982"

[[projects]]
  digest = "1:0243cffa4a3410f161ee613dfdd903a636d07e838a42d341da95d81f42cd1d41"
  name = "github.com/json-iterator/go"
  packages = ["."]
  pruneopts = "NUT"
  revision = "f2b4162afba35581b6d4a50d3b8f34e33c144682"

[[projects]]
  branch = "master"
  digest = "1:84a5a2b67486d5d67060ac393aa255d05d24ed5ee41daecd5635ec22657b6492"
  name = "github.com/mailru/easyjson"
  packages = [
    "buffer",
    "jlexer",
    "jwriter",
  ]
  pruneopts = "NUT"
  revision = "60711f1a8329503b04e1c88535f419d0bb440bff"

[[projects]]
  digest = "1:9f63926f52745d1f9d6053f8fbbb3bd3983c2c97c0565957e682b8d2f7aad3af"
  name = "github.com/mitchellh/go-wordwrap"
  packages = ["."]
  pruneopts = "NUT"
  revision = "ad45545899c7b13c020ea92b2072220eefad42b8"

[[projects]]
  digest = "1:2f42fa12d6911c7b7659738758631bec870b7e9b4c6be5444f963cdcfccc191f"
  name = "github.com/modern-go/concurrent"
  packages = ["."]
  pruneopts = "NUT"
  revision = "bacd9c7ef1dd9b15be4a9909b8ac7a4e313eec94"
  version = "1.0.3"

[[projects]]
  digest = "1:863c7de4bedf8835fb24be7573f9524f6ce6c55e1b1ee4b944895837ad758a09"
  name = "github.com/modern-go/reflect2"
  packages = ["."]
  pruneopts = "NUT"
  revision = "94122c33edd36123c84d5368cfb2b69df93a0ec8"
  version = "v1.0.1"

[[projects]]
  branch = "master"
  digest = "1:a6156889b651cc0bf3d9bef82b6ba8fbb9eb19aefd7bc5718357c38b67297cbc"
  name = "github.com/mxk/go-flowrate"
  packages = ["flowrate"]
  pruneopts = "NUT"
  revision = "cca7078d478f8520f85629ad7c68962d31ed7682"

[[projects]]
  digest = "1:69e47979091e47a10e5ff0e2776ca71aa3e884238ce446bd71e246878ba0858d"
  name = "github.com/opencontainers/go-digest"
  packages = ["."]
  pruneopts = "NUT"
  revision = "a6d0ee40d4207ea02364bd3b9e8e77b9159ba1eb"

[[projects]]
  digest = "1:11db38d694c130c800d0aefb502fb02519e514dc53d9804ce51d1ad25ec27db6"
  name = "github.com/opencontainers/image-spec"
  packages = [
    "specs-go",
    "specs-go/v1",
  ]
  pruneopts = "NUT"
  revision = "d60099175f88c47cd379c4738d158884749ed235"
  version = "v1.0.1"

[[projects]]
  branch = "master"
  digest = "1:3bf17a6e6eaa6ad24152148a631d18662f7212e21637c2699bff3369b7f00fa2"
  name = "github.com/petar/GoLLRB"
  packages = ["llrb"]
  pruneopts = "NUT"
  revision = "53be0d36a84c2a886ca057d34b6aa4468df9ccb4"

[[projects]]
  digest = "1:6c6d91dc326ed6778783cff869c49fb2f61303cdd2ebbcf90abe53505793f3b6"
  name = "github.com/peterbourgon/diskv"
  packages = ["."]
  pruneopts = "NUT"
  revision = "5f041e8faa004a95c88a202771f4cc3e991971e6"
  version = "v2.0.1"

[[projects]]
  digest = "1:130d6b42625bca67db19acb60fb0a13a1d30ad49cfa9ad53e53db6eab5d737ab"
  name = "github.com/renstrom/dedent"
  packages = ["."]
  pruneopts = "NUT"
  revision = "020d11c3b9c0c7a3c2efcc8e5cf5b9ef7bcea21f"

[[projects]]
  digest = "1:118f00f400c10c1dd21a267fd04697c758dbe9a38cf5fa3fab3bb3625af9efe7"
  name = "github.com/russross/blackfriday"
  packages = ["."]
  pruneopts = "NUT"
  revision = "300106c228d52c8941d4b3de6054a6062a86dda3"

[[projects]]
  branch = "master"
  digest = "1:debf1a119378d059b68925f1796851b6855bfc2f55419a50d634ecce3eabd8e8"
  name = "github.com/shurcooL/sanitized_anchor_name"
  packages = ["."]
  pruneopts = "NUT"
  revision = "86672fcb3f950f35f2e675df2240550f2a50762f"

[[projects]]
  digest = "1:31c5d934770c8b0698c28eb8576cb39b14e2fcf3c5f2a6e8449116884cd92e3f"
  name = "github.com/sirupsen/logrus"
  packages = ["."]
  pruneopts = "NUT"
  revision = "f006c2ac4710855cf0f916dd6b77acf6b048dc6e"
  version = "v1.0.3"

[[projects]]
  digest = "1:0f156dbd01b40676bdcbc64e51535c09b50f83c9cca5faef3090f82f18bda3c2"
  name = "github.com/spf13/cobra"
  packages = ["."]
  pruneopts = "NUT"
  revision = "c439c4fa093711d42e1b01acb1235b52004753c1"

[[projects]]
  digest = "1:9d8420bbf131d1618bde6530af37c3799340d3762cc47210c1d9532a4c3a2779"
  name = "github.com/spf13/pflag"
  packages = ["."]
  pruneopts = "NUT"
  revision = "298182f68c66c05229eb03ac171abe6e309ee79a"
  version = "v1.0.3"

[[projects]]
  branch = "master"
  digest = "1:583f2f436bab7b59a7bd3e759f1375b06f460760ed1f9235604d143eaab83009"
  name = "golang.org/x/crypto"
  packages = [
    "ed25519",
    "ed25519/internal/edwards25519",
    "ssh/terminal",
  ]
  pruneopts = "NUT"
  revision = "0c41d7ab0a0ee717d4590a44bcb987dfd9e183eb"

[[projects]]
  digest = "1:5b542dd24efa5e0d92163bf0a361bb0a00c364d62e11949e9530a65fdaf32422"
  name = "golang.org/x/net"
  packages = [
    "context",
    "context/ctxhttp",
    "html",
    "html/atom",
    "http2",
    "http2/hpack",
    "idna",
    "lex/httplex",
  ]
  pruneopts = "NUT"
  revision = "1c05540f6879653db88113bc4a2b70aec4bd491f"

[[projects]]
  digest = "1:da311e132160fec8dfc9e659915b8f942e5563c27bbf3c45d2c9e67a1434ef65"
  name = "golang.org/x/oauth2"
  packages = [
    ".",
    "google",
    "internal",
    "jws",
    "jwt",
  ]
  pruneopts = "NUT"
  revision = "a6bd8cefa1811bd24b86f8902872e4e8225f74c4"

[[projects]]
  digest = "1:4301a4973691694236c322c1ed32273b7d42dbff3cd2d0bbb7b06f233edfbd8e"
  name = "golang.org/x/sys"
  packages = [
    "unix",
    "windows",
  ]
  pruneopts = "NUT"
  revision = "37707fdb30a5b38865cfb95e5aab41707daec7fd"

[[projects]]
  digest = "1:b9c9a8b76af6de76bdea5e050dcda7fb94ef277324fd3ec9806c3cafadb2d277"
  name = "golang.org/x/text"
  packages = [
    "collate",
    "collate/build",
    "encoding",
    "encoding/internal",
    "encoding/internal/identifier",
    "encoding/unicode",
    "internal/colltab",
    "internal/gen",
    "internal/tag",
    "internal/triegen",
    "internal/ucd",
    "internal/utf8internal",
    "language",
    "runes",
    "secure/bidirule",
    "transform",
    "unicode/bidi",
    "unicode/cldr",
    "unicode/norm",
    "unicode/rangetable",
    "width",
  ]
  pruneopts = "NUT"
  revision = "f21a4dfb5e38f5895301dc265a8def02365cc3d0"
  version = "v0.3.0"

[[projects]]
  digest = "1:d37b0ef2944431fe9e8ef35c6fffc8990d9e2ca300588df94a6890f3649ae365"
  name = "golang.org/x/time"
  packages = ["rate"]
  pruneopts = "NUT"
  revision = "f51c12702a4d776e4c1fa9b0fabab841babae631"

[[projects]]
  digest = "1:e2da54c7866453ac5831c61c7ec5d887f39328cac088c806553303bff4048e6f"
  name = "google.golang.org/appengine"
  packages = [
    ".",
    "internal",
    "internal/app_identity",
    "internal/base",
    "internal/datastore",
    "internal/log",
    "internal/modules",
    "internal/remote_api",
    "internal/urlfetch",
    "urlfetch",
  ]
  pruneopts = "NUT"
  revision = "ae0ab99deb4dc413a2b4bd6c8bdd0eb67f1e4d06"
  version = "v1.2.0"

[[projects]]
  digest = "1:ef72505cf098abdd34efeea032103377bec06abb61d8a06f002d5d296a4b1185"
  name = "gopkg.in/inf.v0"
  packages = ["."]
  pruneopts = "NUT"
  revision = "3887ee99ecf07df5b447e9b00d9c0b2adaa9f3e4"
  version = "v0.9.0"

[[projects]]
  digest = "1:b233a2f586a83aae19b5c330d0178ba45d4bf8e8749f6453cf2c9cf74528ab64"
  name = "gopkg.in/square/go-jose.v2"
  packages = [
    ".",
    "cipher",
    "json",
    "jwt",
  ]
  pruneopts = "NUT"
  revision = "89060dee6a84df9a4dae49f676f0c755037834f1"

[[projects]]
  digest = "1:302ad18387350c3d9792da66de666f76d2ca8c62c47dd6b9434269c7cfa18971"
  name = "gopkg.in/yaml.v2"
  packages = ["."]
  pruneopts = "NUT"
  revision = "53feefa2559fb8dfa8d81baad31be332c97d6c77"

[[projects]]
  branch = "master"
  digest = "1:205498a82da27941593ebf642947077da0a66e9e2a5808e7f6f2ede26dbc0cdc"
  name = "k8s.io/api"
  packages = [
    "admission/v1beta1",
    "admissionregistration/v1alpha1",
    "admissionregistration/v1beta1",
    "apps/v1",
    "apps/v1beta1",
    "apps/v1beta2",
    "authentication/v1",
    "authentication/v1beta1",
    "authorization/v1",
    "authorization/v1beta1",
    "autoscaling/v1",
    "autoscaling/v2beta1",
    "autoscaling/v2beta2",
    "batch/v1",
    "batch/v1beta1",
    "batch/v2alpha1",
    "certificates/v1beta1",
    "coordination/v1beta1",
    "core/v1",
    "events/v1beta1",
    "extensions/v1beta1",
    "imagepolicy/v1alpha1",
    "networking/v1",
    "policy/v1beta1",
    "rbac/v1",
    "rbac/v1alpha1",
    "rbac/v1beta1",
    "scheduling/v1alpha1",
    "scheduling/v1beta1",
    "settings/v1alpha1",
    "storage/v1",
    "storage/v1alpha1",
    "storage/v1beta1",
  ]
  pruneopts = "NUT"
  revision = "843ad2d9b9ae703c74f2f43959e6ce0b24cc3185"

[[projects]]
  branch = "master"
  digest = "1:aff2ac035da399e2ccd6d58a0c484f87a52c82868b652397727c2ce1a3aba7f0"
  name = "k8s.io/apiextensions-apiserver"
  packages = ["pkg/features"]
  pruneopts = "NUT"
  revision = "2867844605ff2cb7086eb25e19ad86c02e3319ad"

[[projects]]
  branch = "master"
  digest = "1:097f68d1365a9fb5e25e8bec824e5130840c0870a18e93bd67baa976bbdfffb8"
  name = "k8s.io/apimachinery"
  packages = [
    "pkg/api/equality",
    "pkg/api/errors",
    "pkg/api/meta",
    "pkg/api/resource",
    "pkg/api/validation",
    "pkg/api/validation/path",
    "pkg/apis/meta/internalversion",
    "pkg/apis/meta/v1",
    "pkg/apis/meta/v1/unstructured",
    "pkg/apis/meta/v1/unstructured/unstructuredscheme",
    "pkg/apis/meta/v1/validation",
    "pkg/apis/meta/v1beta1",
    "pkg/conversion",
    "pkg/conversion/queryparams",
    "pkg/fields",
    "pkg/labels",
    "pkg/runtime",
    "pkg/runtime/schema",
    "pkg/runtime/serializer",
    "pkg/runtime/serializer/json",
    "pkg/runtime/serializer/protobuf",
    "pkg/runtime/serializer/recognizer",
    "pkg/runtime/serializer/streaming",
    "pkg/runtime/serializer/versioning",
    "pkg/selection",
    "pkg/types",
    "pkg/util/cache",
    "pkg/util/clock",
    "pkg/util/diff",
    "pkg/util/duration",
    "pkg/util/errors",
    "pkg/util/framer",
    "pkg/util/httpstream",
    "pkg/util/httpstream/spdy",
    "pkg/util/intstr",
    "pkg/util/json",
    "pkg/util/jsonmergepatch",
    "pkg/util/mergepatch",
    "pkg/util/naming",
    "pkg/util/net",
    "pkg/util/proxy",
    "pkg/util/rand",
    "pkg/util/remotecommand",
    "pkg/util/runtime",
    "pkg/util/sets",
    "pkg/util/strategicpatch",
    "pkg/util/validation",
    "pkg/util/validation/field",
    "pkg/util/wait",
    "pkg/util/yaml",
    "pkg/version",
    "pkg/watch",
    "third_party/forked/golang/json",
    "third_party/forked/golang/netutil",
    "third_party/forked/golang/reflect",
  ]
  pruneopts = "NUT"
  revision = "60666be32c5de527b69dabe8e4400b4f0aa897de"

[[projects]]
  branch = "master"
  digest = "1:20c699b58ceae37e18e54abe9c77113837dcaf4270bdef4aa7951cacfe19f545"
  name = "k8s.io/apiserver"
  packages = [
    "pkg/apis/audit",
    "pkg/authentication/authenticator",
    "pkg/authentication/serviceaccount",
    "pkg/authentication/user",
    "pkg/endpoints/request",
    "pkg/features",
    "pkg/util/feature",
    "pkg/util/flag",
  ]
  pruneopts = "NUT"
  revision = "7f6c545c2e4ff0af96d8aac792ca499ea87a92e1"

[[projects]]
  branch = "master"
  digest = "1:9fefce8370f58ca7701e82309446bd72ca765a1c5da83207857cebbc1bd9aeb2"
  name = "k8s.io/cli-runtime"
  packages = [
    "pkg/genericclioptions",
    "pkg/genericclioptions/printers",
    "pkg/genericclioptions/resource",
  ]
  pruneopts = "NUT"
  revision = "ebbb0871782497cd82dce8de2f1bd0517ff047df"

[[projects]]
  digest = "1:4cdafa991c56d6744f19ab3b68d5fecd1cf5580a8b969179440f965d6651ba9b"
  name = "k8s.io/client-go"
  packages = [
    "discovery",
    "dynamic",
    "kubernetes",
    "kubernetes/scheme",
    "kubernetes/typed/admissionregistration/v1alpha1",
    "kubernetes/typed/admissionregistration/v1beta1",
    "kubernetes/typed/apps/v1",
    "kubernetes/typed/apps/v1beta1",
    "kubernetes/typed/apps/v1beta2",
    "kubernetes/typed/authentication/v1",
    "kubernetes/typed/authentication/v1beta1",
    "kubernetes/typed/authorization/v1",
    "kubernetes/typed/authorization/v1beta1",
    "kubernetes/typed/autoscaling/v1",
    "kubernetes/typed/autoscaling/v2beta1",
    "kubernetes/typed/autoscaling/v2beta2",
    "kubernetes/typed/batch/v1",
    "kubernetes/typed/batch/v1beta1",
    "kubernetes/typed/batch/v2alpha1",
    "kubernetes/typed/certificates/v1beta1",
    "kubernetes/typed/coordination/v1beta1",
    "kubernetes/typed/core/v1",
    "kubernetes/typed/events/v1beta1",
    "kubernetes/typed/extensions/v1beta1",
    "kubernetes/typed/networking/v1",
    "kubernetes/typed/policy/v1beta1",
    "kubernetes/typed/rbac/v1",
    "kubernetes/typed/rbac/v1alpha1",
    "kubernetes/typed/rbac/v1beta1",
    "kubernetes/typed/scheduling/v1alpha1",
    "kubernetes/typed/scheduling/v1beta1",
    "kubernetes/typed/settings/v1alpha1",
    "kubernetes/typed/storage/v1",
    "kubernetes/typed/storage/v1alpha1",
    "kubernetes/typed/storage/v1beta1",
    "pkg/apis/clientauthentication",
    "pkg/apis/clientauthentication/v1alpha1",
    "pkg/apis/clientauthentication/v1beta1",
    "pkg/version",
    "plugin/pkg/client/auth",
    "plugin/pkg/client/auth/azure",
    "plugin/pkg/client/auth/exec",
    "plugin/pkg/client/auth/gcp",
    "plugin/pkg/client/auth/oidc",
    "plugin/pkg/client/auth/openstack",
    "rest",
    "rest/watch",
    "restmapper",
    "scale",
    "scale/scheme",
    "scale/scheme/appsint",
    "scale/scheme/appsv1beta1",
    "scale/scheme/appsv1beta2",
    "scale/scheme/autoscalingv1",
    "scale/scheme/extensionsint",
    "scale/scheme/extensionsv1beta1",
    "third_party/forked/golang/template",
    "tools/auth",
    "tools/cache",
    "tools/clientcmd",
    "tools/clientcmd/api",
    "tools/clientcmd/api/latest",
    "tools/clientcmd/api/v1",
    "tools/metrics",
    "tools/pager",
    "tools/portforward",
    "tools/record",
    "tools/reference",
    "tools/remotecommand",
    "tools/watch",
    "transport",
    "transport/spdy",
    "util/buffer",
    "util/cert",
    "util/connrotation",
    "util/exec",
    "util/flowcontrol",
    "util/homedir",
    "util/integer",
    "util/jsonpath",
    "util/retry",
  ]
  pruneopts = "NUT"
  revision = "1638f8970cefaa404ff3a62950f88b08292b2696"
  version = "v9.0.0"

[[projects]]
  digest = "1:9af14312e6ca4a08fa836d9de695b48f6048a6e763c6ac70790c5279cb8a3829"
  name = "k8s.io/kube-openapi"
  packages = [
    "pkg/util/proto",
    "pkg/util/proto/validation",
  ]
  pruneopts = "NUT"
  revision = "0cf8f7e6ed1d2e3d47d02e3b6e559369af24d803"

[[projects]]
  digest = "1:4c8f0e83caf0f298c4ec01b27db1c029b248c79edd83891d60161e77e68829d9"
  name = "k8s.io/kubernetes"
  packages = [
    "pkg/api/events",
    "pkg/api/legacyscheme",
    "pkg/api/pod",
    "pkg/api/ref",
    "pkg/api/resource",
    "pkg/api/service",
    "pkg/api/v1/pod",
    "pkg/api/v1/resource",
    "pkg/apis/admissionregistration",
    "pkg/apis/admissionregistration/install",
    "pkg/apis/admissionregistration/v1alpha1",
    "pkg/apis/admissionregistration/v1beta1",
    "pkg/apis/apps",
    "pkg/apis/apps/install",
    "pkg/apis/apps/v1",
    "pkg/apis/apps/v1beta1",
    "pkg/apis/apps/v1beta2",
    "pkg/apis/authentication",
    "pkg/apis/authentication/install",
    "pkg/apis/authentication/v1",
    "pkg/apis/authentication/v1beta1",
    "pkg/apis/authorization",
    "pkg/apis/authorization/install",
    "pkg/apis/authorization/v1",
    "pkg/apis/authorization/v1beta1",
    "pkg/apis/autoscaling",
    "pkg/apis/autoscaling/install",
    "pkg/apis/autoscaling/v1",
    "pkg/apis/autoscaling/v2beta1",
    "pkg/apis/autoscaling/v2beta2",
    "pkg/apis/batch",
    "pkg/apis/batch/install",
    "pkg/apis/batch/v1",
    "pkg/apis/batch/v1beta1",
    "pkg/apis/batch/v2alpha1",
    "pkg/apis/certificates",
    "pkg/apis/certificates/install",
    "pkg/apis/certificates/v1beta1",
    "pkg/apis/coordination",
    "pkg/apis/coordination/install",
    "pkg/apis/coordination/v1beta1",
    "pkg/apis/core",
    "pkg/apis/core/helper",
    "pkg/apis/core/helper/qos",
    "pkg/apis/core/install",
    "pkg/apis/core/pods",
    "pkg/apis/core/v1",
    "pkg/apis/core/v1/helper",
    "pkg/apis/core/validation",
    "pkg/apis/events",
    "pkg/apis/events/install",
    "pkg/apis/events/v1beta1",
    "pkg/apis/extensions",
    "pkg/apis/extensions/install",
    "pkg/apis/extensions/v1beta1",
    "pkg/apis/networking",
    "pkg/apis/networking/install",
    "pkg/apis/networking/v1",
    "pkg/apis/policy",
    "pkg/apis/policy/install",
    "pkg/apis/policy/v1beta1",
    "pkg/apis/rbac",
    "pkg/apis/rbac/install",
    "pkg/apis/rbac/v1",
    "pkg/apis/rbac/v1alpha1",
    "pkg/apis/rbac/v1beta1",
    "pkg/apis/scheduling",
    "pkg/apis/scheduling/install",
    "pkg/apis/scheduling/v1alpha1",
    "pkg/apis/scheduling/v1beta1",
    "pkg/apis/settings",
    "pkg/apis/settings/install",
    "pkg/apis/settings/v1alpha1",
    "pkg/apis/storage",
    "pkg/apis/storage/install",
    "pkg/apis/storage/util",
    "pkg/apis/storage/v1",
    "pkg/apis/storage/v1alpha1",
    "pkg/apis/storage/v1beta1",
    "pkg/capabilities",
    "pkg/client/clientset_generated/internalclientset",
    "pkg/client/clientset_generated/internalclientset/scheme",
    "pkg/client/clientset_generated/internalclientset/typed/admissionregistration/internalversion",
    "pkg/client/clientset_generated/internalclientset/typed/apps/internalversion",
    "pkg/client/clientset_generated/internalclientset/typed/authentication/internalversion",
    "pkg/client/clientset_generated/internalclientset/typed/authorization/internalversion",
    "pkg/client/clientset_generated/internalclientset/typed/autoscaling/internalversion",
    "pkg/client/clientset_generated/internalclientset/typed/batch/internalversion",
    "pkg/client/clientset_generated/internalclientset/typed/certificates/internalversion",
    "pkg/client/clientset_generated/internalclientset/typed/coordination/internalversion",
    "pkg/client/clientset_generated/internalclientset/typed/core/internalversion",
    "pkg/client/clientset_generated/internalclientset/typed/events/internalversion",
    "pkg/client/clientset_generated/internalclientset/typed/extensions/internalversion",
    "pkg/client/clientset_generated/internalclientset/typed/networking/internalversion",
    "pkg/client/clientset_generated/internalclientset/typed/policy/internalversion",
    "pkg/client/clientset_generated/internalclientset/typed/rbac/internalversion",
    "pkg/client/clientset_generated/internalclientset/typed/scheduling/internalversion",
    "pkg/client/clientset_generated/internalclientset/typed/settings/internalversion",
    "pkg/client/clientset_generated/internalclientset/typed/storage/internalversion",
    "pkg/controller",
    "pkg/controller/deployment/util",
    "pkg/credentialprovider",
    "pkg/features",
    "pkg/fieldpath",
    "pkg/generated",
    "pkg/kubectl",
    "pkg/kubectl/apply",
    "pkg/kubectl/apply/parse",
    "pkg/kubectl/apply/strategy",
    "pkg/kubectl/apps",
    "pkg/kubectl/cmd",
    "pkg/kubectl/cmd/auth",
    "pkg/kubectl/cmd/config",
    "pkg/kubectl/cmd/create",
    "pkg/kubectl/cmd/get",
    "pkg/kubectl/cmd/rollout",
    "pkg/kubectl/cmd/scalejob",
    "pkg/kubectl/cmd/set",
    "pkg/kubectl/cmd/set/env",
    "pkg/kubectl/cmd/templates",
    "pkg/kubectl/cmd/util",
    "pkg/kubectl/cmd/util/editor",
    "pkg/kubectl/cmd/util/editor/crlf",
    "pkg/kubectl/cmd/util/openapi",
    "pkg/kubectl/cmd/util/openapi/validation",
    "pkg/kubectl/cmd/wait",
    "pkg/kubectl/explain",
    "pkg/kubectl/metricsutil",
    "pkg/kubectl/polymorphichelpers",
    "pkg/kubectl/proxy",
    "pkg/kubectl/scheme",
    "pkg/kubectl/util",
    "pkg/kubectl/util/hash",
    "pkg/kubectl/util/i18n",
    "pkg/kubectl/util/logs",
    "pkg/kubectl/util/slice",
    "pkg/kubectl/util/term",
    "pkg/kubectl/validation",
    "pkg/kubelet/apis",
    "pkg/kubelet/types",
    "pkg/master/ports",
    "pkg/printers",
    "pkg/printers/internalversion",
    "pkg/registry/rbac/reconciliation",
    "pkg/registry/rbac/validation",
    "pkg/scheduler/algorithm",
    "pkg/scheduler/algorithm/priorities/util",
    "pkg/scheduler/api",
    "pkg/scheduler/cache",
    "pkg/scheduler/util",
    "pkg/security/apparmor",
    "pkg/serviceaccount",
    "pkg/util/file",
    "pkg/util/hash",
    "pkg/util/interrupt",
    "pkg/util/labels",
    "pkg/util/net/sets",
    "pkg/util/node",
    "pkg/util/parsers",
    "pkg/util/slice",
    "pkg/util/taints",
    "pkg/version",
  ]
  pruneopts = "NUT"
  revision = "4ed3216f3ec431b140b1d899130a69fc671678f4"
  version = "v1.12.1"

[[projects]]
  branch = "master"
  digest = "1:e07a6311aebbf75a2427ef1ed1af05415a37eb2a9d4347099bc441b5175ee1c0"
  name = "k8s.io/metrics"
  packages = [
    "pkg/apis/metrics",
    "pkg/apis/metrics/v1alpha1",
    "pkg/apis/metrics/v1beta1",
    "pkg/client/clientset/versioned",
    "pkg/client/clientset/versioned/scheme",
    "pkg/client/clientset/versioned/typed/metrics/v1alpha1",
    "pkg/client/clientset/versioned/typed/metrics/v1beta1",
  ]
  pruneopts = "NUT"
  revision = "e6e0b7968ea6a5b62e053049f0ebde6f21b10e31"

[[projects]]
  digest = "1:66d2fc6b85d80bcbed8e606a04887eedf7504ffc9a3eed0e15ecbb8b82daebf2"
  name = "k8s.io/utils"
  packages = [
    "exec",
    "pointer",
  ]
  pruneopts = "NUT"
  revision = "66066c83e385e385ccc3c964b44fd7dcd413d0ed"

[[projects]]
  digest = "1:2385d1bef8989a5f919a71efee3f337df3f0ad7b29ee23204b5614aad3e3f577"
  name = "vbom.ml/util"
  packages = ["sortorder"]
  pruneopts = "NUT"
  revision = "db5cfe13f5cc80a4990d98e2e1b0707a4d1a5394"

[solve-meta]
  analyzer-name = "dep"
  analyzer-version = 1
  input-imports = [
    "github.com/spf13/pflag",
    "k8s.io/apiserver/pkg/util/flag",
    "k8s.io/client-go/plugin/pkg/client/auth",
    "k8s.io/kubernetes/pkg/kubectl/cmd",
    "k8s.io/kubernetes/pkg/kubectl/util/logs",
  ]
  solver-name = "gps-cdcl"
  solver-version = 1
